
Microsoft Visual Studio Solution File, Format Version 12.00
# Visual Studio Version 17
VisualStudioVersion = 17.14.36804.6 d17.14
MinimumVisualStudioVersion = 10.0.40219.1
Project("{FAE04EC0-301F-11D3-BF4B-00C04F79EFBC}") = "cliCode2Web", "cliCode2Web\cliCode2Web.csproj", "{EA3A9232-7B6B-42C5-A9E1-64B2FEA0936C}"
EndProject
Global
	GlobalSection(SolutionConfigurationPlatforms) = preSolution
		Debug|Any CPU = Debug|Any CPU
		Release|Any CPU = Release|Any CPU
	EndGlobalSection
	GlobalSection(ProjectConfigurationPlatforms) = postSolution
		{EA3A9232-7B6B-42C5-A9E1-64B2FEA0936C}.Debug|Any CPU.ActiveCfg = Debug|Any CPU
		{EA3A9232-7B6B-42C5-A9E1-64B2FEA0936C}.Debug|Any CPU.Build.0 = Debug|Any CPU
		{EA3A9232-7B6B-42C5-A9E1-64B2FEA0936C}.Release|Any CPU.ActiveCfg = Release|Any CPU
		{EA3A9232-7B6B-42C5-A9E1-64B2FEA0936C}.Release|Any CPU.Build.0 = Release|Any CPU
	EndGlobalSection
	GlobalSection(SolutionProperties) = preSolution
		HideSolutionNode = FALSE
	EndGlobalSection
	GlobalSection(ExtensibilityGlobals) = postSolution
		SolutionGuid = {19FF56FE-3FFB-405F-BF29-B0EB1B8AD591}
	EndGlobalSection
EndGlobal
